{
  "name": "TypeScript",
  "lockfileVersion": 2,
  "requires": true,
  "packages": {
    "": {
      "devDependencies": {
        "@types/node": "^16.3.1"
      }
    },
    "node_modules/@types/node": {
      "version": "16.3.1",
      "resolved": "https://registry.npmjs.org/@types/node/-/node-16.3.1.tgz",
      "integrity": "sha512-N87VuQi7HEeRJkhzovao/JviiqKjDKMVKxKMfUvSKw+MbkbW8R0nA3fi/MQhhlxV2fQ+2ReM+/Nt4efdrJx3zA==",
      "dev": true
    }
  },
  "dependencies": {
    "@types/node": {
      "version": "16.3.1",
      "resolved": "https://registry.npmjs.org/@types/node/-/node-16.3.1.tgz",
      "integrity": "sha512-N87VuQi7HEeRJkhzovao/JviiqKjDKMVKxKMfUvSKw+MbkbW8R0nA3fi/MQhhlxV2fQ+2ReM+/Nt4efdrJx3zA==",
      "dev": true
    }
  }
}
